
Microsoft Visual Studio Solution File, Format Version 12.00
# Visual Studio 15
VisualStudioVersion = 15.0.28010.2050
MinimumVisualStudioVersion = 10.0.40219.1
Project("{FAE04EC0-301F-11D3-BF4B-00C04F79EFBC}") = "Lab 20", "Lab 20\Lab 20.csproj", "{0C466A75-C704-44F4-97E9-F158186839E6}"
EndProject
Global
	GlobalSection(SolutionConfigurationPlatforms) = preSolution
		Debug|Any CPU = Debug|Any CPU
		Release|Any CPU = Release|Any CPU
	EndGlobalSection
	GlobalSection(ProjectConfigurationPlatforms) = postSolution
		{0C466A75-C704-44F4-97E9-F158186839E6}.Debug|Any CPU.ActiveCfg = Debug|Any CPU
		{0C466A75-C704-44F4-97E9-F158186839E6}.Debug|Any CPU.Build.0 = Debug|Any CPU
		{0C466A75-C704-44F4-97E9-F158186839E6}.Release|Any CPU.ActiveCfg = Release|Any CPU
		{0C466A75-C704-44F4-97E9-F158186839E6}.Release|Any CPU.Build.0 = Release|Any CPU
	EndGlobalSection
	GlobalSection(SolutionProperties) = preSolution
		HideSolutionNode = FALSE
	EndGlobalSection
	GlobalSection(ExtensibilityGlobals) = postSolution
		SolutionGuid = {D318D7FC-C311-4982-99EB-ABD79ACDF2EC}
	EndGlobalSection
EndGlobal
